
Microsoft Visual Studio Solution File, Format Version 12.00
# Visual Studio Version 17
VisualStudioVersion = 17.11.35312.102
MinimumVisualStudioVersion = 10.0.40219.1
Project("{FAE04EC0-301F-11D3-BF4B-00C04F79EFBC}") = "LabOne", "LabOne.csproj", "{C642E03E-916F-49C4-8F93-A86FD9747C78}"
EndProject
Global
	GlobalSection(SolutionConfigurationPlatforms) = preSolution
		Debug|Any CPU = Debug|Any CPU
		Release|Any CPU = Release|Any CPU
	EndGlobalSection
	GlobalSection(ProjectConfigurationPlatforms) = postSolution
		{C642E03E-916F-49C4-8F93-A86FD9747C78}.Debug|Any CPU.ActiveCfg = Debug|Any CPU
		{C642E03E-916F-49C4-8F93-A86FD9747C78}.Debug|Any CPU.Build.0 = Debug|Any CPU
		{C642E03E-916F-49C4-8F93-A86FD9747C78}.Release|Any CPU.ActiveCfg = Release|Any CPU
		{C642E03E-916F-49C4-8F93-A86FD9747C78}.Release|Any CPU.Build.0 = Release|Any CPU
	EndGlobalSection
	GlobalSection(SolutionProperties) = preSolution
		HideSolutionNode = FALSE
	EndGlobalSection
	GlobalSection(ExtensibilityGlobals) = postSolution
		SolutionGuid = {C507E1DB-21A1-4DE4-AF65-47DC32972290}
	EndGlobalSection
EndGlobal
